
Microsoft Visual Studio Solution File, Format Version 12.00
# Visual Studio 15
VisualStudioVersion = 15.0.27428.2037
MinimumVisualStudioVersion = 10.0.40219.1
Project("{FAE04EC0-301F-11D3-BF4B-00C04F79EFBC}") = "CSharpConsole", "CSharpConsole\CSharpConsole.csproj", "{4D473F85-7115-45B9-889C-3CAD2EB74E2E}"
EndProject
Global
	GlobalSection(SolutionConfigurationPlatforms) = preSolution
		Debug|Any CPU = Debug|Any CPU
		Release|Any CPU = Release|Any CPU
	EndGlobalSection
	GlobalSection(ProjectConfigurationPlatforms) = postSolution
		{4D473F85-7115-45B9-889C-3CAD2EB74E2E}.Debug|Any CPU.ActiveCfg = Debug|Any CPU
		{4D473F85-7115-45B9-889C-3CAD2EB74E2E}.Debug|Any CPU.Build.0 = Debug|Any CPU
		{4D473F85-7115-45B9-889C-3CAD2EB74E2E}.Release|Any CPU.ActiveCfg = Release|Any CPU
		{4D473F85-7115-45B9-889C-3CAD2EB74E2E}.Release|Any CPU.Build.0 = Release|Any CPU
	EndGlobalSection
	GlobalSection(SolutionProperties) = preSolution
		HideSolutionNode = FALSE
	EndGlobalSection
	GlobalSection(ExtensibilityGlobals) = postSolution
		SolutionGuid = {8346F9C7-FF3A-4556-AC18-8B64CEF30311}
	EndGlobalSection
EndGlobal
